
Microsoft Visual Studio Solution File, Format Version 12.00
# Visual Studio Version 17
VisualStudioVersion = 17.4.33122.133
MinimumVisualStudioVersion = 10.0.40219.1
Project("{FAE04EC0-301F-11D3-BF4B-00C04F79EFBC}") = "PacManConsoleGame", "PacManConsoleGame.csproj", "{F5BE5D5B-D4E7-4930-8A91-CDB9DD39A955}"
EndProject
Global
	GlobalSection(SolutionConfigurationPlatforms) = preSolution
		Debug|Any CPU = Debug|Any CPU
		Release|Any CPU = Release|Any CPU
	EndGlobalSection
	GlobalSection(ProjectConfigurationPlatforms) = postSolution
		{F5BE5D5B-D4E7-4930-8A91-CDB9DD39A955}.Debug|Any CPU.ActiveCfg = Debug|Any CPU
		{F5BE5D5B-D4E7-4930-8A91-CDB9DD39A955}.Debug|Any CPU.Build.0 = Debug|Any CPU
		{F5BE5D5B-D4E7-4930-8A91-CDB9DD39A955}.Release|Any CPU.ActiveCfg = Release|Any CPU
		{F5BE5D5B-D4E7-4930-8A91-CDB9DD39A955}.Release|Any CPU.Build.0 = Release|Any CPU
	EndGlobalSection
	GlobalSection(SolutionProperties) = preSolution
		HideSolutionNode = FALSE
	EndGlobalSection
	GlobalSection(ExtensibilityGlobals) = postSolution
		SolutionGuid = {EAB44C93-7D55-41F1-B1ED-8DBA4DCB01F0}
	EndGlobalSection
EndGlobal
